
Microsoft Visual Studio Solution File, Format Version 12.00
# Visual Studio Version 17
VisualStudioVersion = 17.11.35222.181
MinimumVisualStudioVersion = 10.0.40219.1
Project("{9A19103F-16F7-4668-BE54-9A1E7A4F7556}") = "CafeHunt", "CafeHunt.csproj", "{6C23CE6E-1ABF-4894-8B0A-C65F0A379343}"
EndProject
Global
	GlobalSection(SolutionConfigurationPlatforms) = preSolution
		Debug|Any CPU = Debug|Any CPU
		Release|Any CPU = Release|Any CPU
	EndGlobalSection
	GlobalSection(ProjectConfigurationPlatforms) = postSolution
		{6C23CE6E-1ABF-4894-8B0A-C65F0A379343}.Debug|Any CPU.ActiveCfg = Debug|Any CPU
		{6C23CE6E-1ABF-4894-8B0A-C65F0A379343}.Debug|Any CPU.Build.0 = Debug|Any CPU
		{6C23CE6E-1ABF-4894-8B0A-C65F0A379343}.Debug|Any CPU.Deploy.0 = Debug|Any CPU
		{6C23CE6E-1ABF-4894-8B0A-C65F0A379343}.Release|Any CPU.ActiveCfg = Release|Any CPU
		{6C23CE6E-1ABF-4894-8B0A-C65F0A379343}.Release|Any CPU.Build.0 = Release|Any CPU
		{6C23CE6E-1ABF-4894-8B0A-C65F0A379343}.Release|Any CPU.Deploy.0 = Release|Any CPU
	EndGlobalSection
	GlobalSection(SolutionProperties) = preSolution
		HideSolutionNode = FALSE
	EndGlobalSection
	GlobalSection(ExtensibilityGlobals) = postSolution
		SolutionGuid = {4CE155DE-9916-4B52-8D5C-56AD0A920D71}
	EndGlobalSection
EndGlobal
